// !$*UTF8*$!
{
	archiveVersion = 1;
	classes = {
	};
	objectVersion = 46;
	objects = {

/* Begin PBXBuildFile section */
		18E939E41887734B008B857D /* Foundation.framework in Frameworks */ = {isa = PBXBuildFile; fileRef = 18E939E31887734B008B857D /* Foundation.framework */; };
		18E939E61887734B008B857D /* CoreGraphics.framework in Frameworks */ = {isa = PBXBuildFile; fileRef = 18E939E51887734B008B857D /* CoreGraphics.framework */; };
		18E939E81887734B008B857D /* UIKit.framework in Frameworks */ = {isa = PBXBuildFile; fileRef = 18E939E71887734B008B857D /* UIKit.framework */; };
		18E939EE1887734B008B857D /* InfoPlist.strings in Resources */ = {isa = PBXBuildFile; fileRef = 18E939EC1887734B008B857D /* InfoPlist.strings */; };
		18E939F01887734B008B857D /* main.m in Sources */ = {isa = PBXBuildFile; fileRef = 18E939EF1887734B008B857D /* main.m */; };
		18E939F41887734B008B857D /* FAAppDelegate.m in Sources */ = {isa = PBXBuildFile; fileRef = 18E939F31887734B008B857D /* FAAppDelegate.m */; };
		18E939F71887734B008B857D /* Main.storyboard in Resources */ = {isa = PBXBuildFile; fileRef = 18E939F51887734B008B857D /* Main.storyboard */; };
		18E939FF1887734B008B857D /* Images.xcassets in Resources */ = {isa = PBXBuildFile; fileRef = 18E939FE1887734B008B857D /* Images.xcassets */; };
		18E93A061887734C008B857D /* XCTest.framework in Frameworks */ = {isa = PBXBuildFile; fileRef = 18E93A051887734C008B857D /* XCTest.framework */; };
		18E93A071887734C008B857D /* Foundation.framework in Frameworks */ = {isa = PBXBuildFile; fileRef = 18E939E31887734B008B857D /* Foundation.framework */; };
		18E93A081887734C008B857D /* UIKit.framework in Frameworks */ = {isa = PBXBuildFile; fileRef = 18E939E71887734B008B857D /* UIKit.framework */; };
		18E93A101887734C008B857D /* InfoPlist.strings in Resources */ = {isa = PBXBuildFile; fileRef = 18E93A0E1887734C008B857D /* InfoPlist.strings */; };
		18E93A121887734C008B857D /* MyFlightAppTests.m in Sources */ = {isa = PBXBuildFile; fileRef = 18E93A111887734C008B857D /* MyFlightAppTests.m */; };
		18E93A1C188777FC008B857D /* Parse.framework in Frameworks */ = {isa = PBXBuildFile; fileRef = 18E93A1B188777FC008B857D /* Parse.framework */; };
		18E93A1E1887781F008B857D /* CoreText.framework in Frameworks */ = {isa = PBXBuildFile; fileRef = 18E93A1D1887781F008B857D /* CoreText.framework */; };
		18E93A201887782E008B857D /* AudioToolbox.framework in Frameworks */ = {isa = PBXBuildFile; fileRef = 18E93A1F1887782E008B857D /* AudioToolbox.framework */; };
		18E93A2218877839008B857D /* CFNetwork.framework in Frameworks */ = {isa = PBXBuildFile; fileRef = 18E93A2118877839008B857D /* CFNetwork.framework */; };
		18E93A241887784B008B857D /* CoreLocation.framework in Frameworks */ = {isa = PBXBuildFile; fileRef = 18E93A231887784B008B857D /* CoreLocation.framework */; };
		18E93A2618877855008B857D /* QuartzCore.framework in Frameworks */ = {isa = PBXBuildFile; fileRef = 18E93A2518877855008B857D /* QuartzCore.framework */; };
		18E93A281887785D008B857D /* Security.framework in Frameworks */ = {isa = PBXBuildFile; fileRef = 18E93A271887785D008B857D /* Security.framework */; };
		18E93A2A18877869008B857D /* SystemConfiguration.framework in Frameworks */ = {isa = PBXBuildFile; fileRef = 18E93A2918877869008B857D /* SystemConfiguration.framework */; };
		18E93A2C18877873008B857D /* MobileCoreServices.framework in Frameworks */ = {isa = PBXBuildFile; fileRef = 18E93A2B18877873008B857D /* MobileCoreServices.framework */; };
		18E93C1E18877C47008B857D /* RECommonFunctions.m in Sources */ = {isa = PBXBuildFile; fileRef = 18E93C1518877C47008B857D /* RECommonFunctions.m */; };
		18E93C1F18877C47008B857D /* REMenu.m in Sources */ = {isa = PBXBuildFile; fileRef = 18E93C1718877C47008B857D /* REMenu.m */; };
		18E93C2018877C47008B857D /* REMenuContainerView.m in Sources */ = {isa = PBXBuildFile; fileRef = 18E93C1918877C47008B857D /* REMenuContainerView.m */; };
		18E93C2118877C47008B857D /* REMenuItem.m in Sources */ = {isa = PBXBuildFile; fileRef = 18E93C1B18877C47008B857D /* REMenuItem.m */; };
		18E93C2218877C47008B857D /* REMenuItemView.m in Sources */ = {isa = PBXBuildFile; fileRef = 18E93C1D18877C47008B857D /* REMenuItemView.m */; };
		18E93C2518877CF5008B857D /* FAMenuItemViewController.m in Sources */ = {isa = PBXBuildFile; fileRef = 18E93C2418877CF5008B857D /* FAMenuItemViewController.m */; };
		18E93C2818877D1B008B857D /* FAMenuViewController.m in Sources */ = {isa = PBXBuildFile; fileRef = 18E93C2718877D1B008B857D /* FAMenuViewController.m */; };
		18E93C2B18877EC2008B857D /* FASearchViewController.m in Sources */ = {isa = PBXBuildFile; fileRef = 18E93C2A18877EC2008B857D /* FASearchViewController.m */; };
		18E93C2E18877ED0008B857D /* FARecentViewController.m in Sources */ = {isa = PBXBuildFile; fileRef = 18E93C2D18877ED0008B857D /* FARecentViewController.m */; };
		18E93C3118877EDF008B857D /* FAProfileViewController.m in Sources */ = {isa = PBXBuildFile; fileRef = 18E93C3018877EDF008B857D /* FAProfileViewController.m */; };
		18E93C33188780B6008B857D /* FacebookSDK.framework in Frameworks */ = {isa = PBXBuildFile; fileRef = 18E93C32188780B6008B857D /* FacebookSDK.framework */; };
		18E93C3618878411008B857D /* FALoginViewController.m in Sources */ = {isa = PBXBuildFile; fileRef = 18E93C3518878411008B857D /* FALoginViewController.m */; };
		18E93C3918878C97008B857D /* FASignUpViewController.m in Sources */ = {isa = PBXBuildFile; fileRef = 18E93C3818878C97008B857D /* FASignUpViewController.m */; };
/* End PBXBuildFile section */

/* Begin PBXContainerItemProxy section */
		18E93A091887734C008B857D /* PBXContainerItemProxy */ = {
			isa = PBXContainerItemProxy;
			containerPortal = 18E939D81887734A008B857D /* Project object */;
			proxyType = 1;
			remoteGlobalIDString = 18E939DF1887734A008B857D;
			remoteInfo = MyFlightApp;
		};
/* End PBXContainerItemProxy section */

/* Begin PBXFileReference section */
		18E939E01887734A008B857D /* MyFlightApp.app */ = {isa = PBXFileReference; explicitFileType = wrapper.application; includeInIndex = 0; path = MyFlightApp.app; sourceTree = BUILT_PRODUCTS_DIR; };
		18E939E31887734B008B857D /* Foundation.framework */ = {isa = PBXFileReference; lastKnownFileType = wrapper.framework; name = Foundation.framework; path = System/Library/Frameworks/Foundation.framework; sourceTree = SDKROOT; };
		18E939E51887734B008B857D /* CoreGraphics.framework */ = {isa = PBXFileReference; lastKnownFileType = wrapper.framework; name = CoreGraphics.framework; path = System/Library/Frameworks/CoreGraphics.framework; sourceTree = SDKROOT; };
		18E939E71887734B008B857D /* UIKit.framework */ = {isa = PBXFileReference; lastKnownFileType = wrapper.framework; name = UIKit.framework; path = System/Library/Frameworks/UIKit.framework; sourceTree = SDKROOT; };
		18E939EB1887734B008B857D /* MyFlightApp-Info.plist */ = {isa = PBXFileReference; lastKnownFileType = text.plist.xml; path = "MyFlightApp-Info.plist"; sourceTree = "<group>"; };
		18E939ED1887734B008B857D /* en */ = {isa = PBXFileReference; lastKnownFileType = text.plist.strings; name = en; path = en.lproj/InfoPlist.strings; sourceTree = "<group>"; };
		18E939EF1887734B008B857D /* main.m */ = {isa = PBXFileReference; lastKnownFileType = sourcecode.c.objc; path = main.m; sourceTree = "<group>"; };
		18E939F11887734B008B857D /* MyFlightApp-Prefix.pch */ = {isa = PBXFileReference; lastKnownFileType = sourcecode.c.h; path = "MyFlightApp-Prefix.pch"; sourceTree = "<group>"; };
		18E939F21887734B008B857D /* FAAppDelegate.h */ = {isa = PBXFileReference; lastKnownFileType = sourcecode.c.h; path = FAAppDelegate.h; sourceTree = "<group>"; };
		18E939F31887734B008B857D /* FAAppDelegate.m */ = {isa = PBXFileReference; lastKnownFileType = sourcecode.c.objc; path = FAAppDelegate.m; sourceTree = "<group>"; };
		18E939F61887734B008B857D /* Base */ = {isa = PBXFileReference; lastKnownFileType = file.storyboard; name = Base; path = Base.lproj/Main.storyboard; sourceTree = "<group>"; };
		18E939FE1887734B008B857D /* Images.xcassets */ = {isa = PBXFileReference; lastKnownFileType = folder.assetcatalog; path = Images.xcassets; sourceTree = "<group>"; };
		18E93A041887734C008B857D /* MyFlightAppTests.xctest */ = {isa = PBXFileReference; explicitFileType = wrapper.cfbundle; includeInIndex = 0; path = MyFlightAppTests.xctest; sourceTree = BUILT_PRODUCTS_DIR; };
		18E93A051887734C008B857D /* XCTest.framework */ = {isa = PBXFileReference; lastKnownFileType = wrapper.framework; name = XCTest.framework; path = Library/Frameworks/XCTest.framework; sourceTree = DEVELOPER_DIR; };
		18E93A0D1887734C008B857D /* MyFlightAppTests-Info.plist */ = {isa = PBXFileReference; lastKnownFileType = text.plist.xml; path = "MyFlightAppTests-Info.plist"; sourceTree = "<group>"; };
		18E93A0F1887734C008B857D /* en */ = {isa = PBXFileReference; lastKnownFileType = text.plist.strings; name = en; path = en.lproj/InfoPlist.strings; sourceTree = "<group>"; };
		18E93A111887734C008B857D /* MyFlightAppTests.m */ = {isa = PBXFileReference; lastKnownFileType = sourcecode.c.objc; path = MyFlightAppTests.m; sourceTree = "<group>"; };
		18E93A1B188777FC008B857D /* Parse.framework */ = {isa = PBXFileReference; lastKnownFileType = wrapper.framework; path = Parse.framework; sourceTree = "<group>"; };
		18E93A1D1887781F008B857D /* CoreText.framework */ = {isa = PBXFileReference; lastKnownFileType = wrapper.framework; name = CoreText.framework; path = System/Library/Frameworks/CoreText.framework; sourceTree = SDKROOT; };
		18E93A1F1887782E008B857D /* AudioToolbox.framework */ = {isa = PBXFileReference; lastKnownFileType = wrapper.framework; name = AudioToolbox.framework; path = System/Library/Frameworks/AudioToolbox.framework; sourceTree = SDKROOT; };
		18E93A2118877839008B857D /* CFNetwork.framework */ = {isa = PBXFileReference; lastKnownFileType = wrapper.framework; name = CFNetwork.framework; path = System/Library/Frameworks/CFNetwork.framework; sourceTree = SDKROOT; };
		18E93A231887784B008B857D /* CoreLocation.framework */ = {isa = PBXFileReference; lastKnownFileType = wrapper.framework; name = CoreLocation.framework; path = System/Library/Frameworks/CoreLocation.framework; sourceTree = SDKROOT; };
		18E93A2518877855008B857D /* QuartzCore.framework */ = {isa = PBXFileReference; lastKnownFileType = wrapper.framework; name = QuartzCore.framework; path = System/Library/Frameworks/QuartzCore.framework; sourceTree = SDKROOT; };
		18E93A271887785D008B857D /* Security.framework */ = {isa = PBXFileReference; lastKnownFileType = wrapper.framework; name = Security.framework; path = System/Library/Frameworks/Security.framework; sourceTree = SDKROOT; };
		18E93A2918877869008B857D /* SystemConfiguration.framework */ = {isa = PBXFileReference; lastKnownFileType = wrapper.framework; name = SystemConfiguration.framework; path = System/Library/Frameworks/SystemConfiguration.framework; sourceTree = SDKROOT; };
		18E93A2B18877873008B857D /* MobileCoreServices.framework */ = {isa = PBXFileReference; lastKnownFileType = wrapper.framework; name = MobileCoreServices.framework; path = System/Library/Frameworks/MobileCoreServices.framework; sourceTree = SDKROOT; };
		18E93C1418877C47008B857D /* RECommonFunctions.h */ = {isa = PBXFileReference; fileEncoding = 4; lastKnownFileType = sourcecode.c.h; path = RECommonFunctions.h; sourceTree = "<group>"; };
		18E93C1518877C47008B857D /* RECommonFunctions.m */ = {isa = PBXFileReference; fileEncoding = 4; lastKnownFileType = sourcecode.c.objc; path = RECommonFunctions.m; sourceTree = "<group>"; };
		18E93C1618877C47008B857D /* REMenu.h */ = {isa = PBXFileReference; fileEncoding = 4; lastKnownFileType = sourcecode.c.h; path = REMenu.h; sourceTree = "<group>"; };
		18E93C1718877C47008B857D /* REMenu.m */ = {isa = PBXFileReference; fileEncoding = 4; lastKnownFileType = sourcecode.c.objc; path = REMenu.m; sourceTree = "<group>"; };
		18E93C1818877C47008B857D /* REMenuContainerView.h */ = {isa = PBXFileReference; fileEncoding = 4; lastKnownFileType = sourcecode.c.h; path = REMenuContainerView.h; sourceTree = "<group>"; };
		18E93C1918877C47008B857D /* REMenuContainerView.m */ = {isa = PBXFileReference; fileEncoding = 4; lastKnownFileType = sourcecode.c.objc; path = REMenuContainerView.m; sourceTree = "<group>"; };
		18E93C1A18877C47008B857D /* REMenuItem.h */ = {isa = PBXFileReference; fileEncoding = 4; lastKnownFileType = sourcecode.c.h; path = REMenuItem.h; sourceTree = "<group>"; };
		18E93C1B18877C47008B857D /* REMenuItem.m */ = {isa = PBXFileReference; fileEncoding = 4; lastKnownFileType = sourcecode.c.objc; path = REMenuItem.m; sourceTree = "<group>"; };
		18E93C1C18877C47008B857D /* REMenuItemView.h */ = {isa = PBXFileReference; fileEncoding = 4; lastKnownFileType = sourcecode.c.h; path = REMenuItemView.h; sourceTree = "<group>"; };
		18E93C1D18877C47008B857D /* REMenuItemView.m */ = {isa = PBXFileReference; fileEncoding = 4; lastKnownFileType = sourcecode.c.objc; path = REMenuItemView.m; sourceTree = "<group>"; };
		18E93C2318877CF5008B857D /* FAMenuItemViewController.h */ = {isa = PBXFileReference; fileEncoding = 4; lastKnownFileType = sourcecode.c.h; path = FAMenuItemViewController.h; sourceTree = "<group>"; };
		18E93C2418877CF5008B857D /* FAMenuItemViewController.m */ = {isa = PBXFileReference; fileEncoding = 4; lastKnownFileType = sourcecode.c.objc; path = FAMenuItemViewController.m; sourceTree = "<group>"; };
		18E93C2618877D1B008B857D /* FAMenuViewController.h */ = {isa = PBXFileReference; fileEncoding = 4; lastKnownFileType = sourcecode.c.h; path = FAMenuViewController.h; sourceTree = "<group>"; };
		18E93C2718877D1B008B857D /* FAMenuViewController.m */ = {isa = PBXFileReference; fileEncoding = 4; lastKnownFileType = sourcecode.c.objc; path = FAMenuViewController.m; sourceTree = "<group>"; };
		18E93C2918877EC2008B857D /* FASearchViewController.h */ = {isa = PBXFileReference; fileEncoding = 4; lastKnownFileType = sourcecode.c.h; path = FASearchViewController.h; sourceTree = "<group>"; };
		18E93C2A18877EC2008B857D /* FASearchViewController.m */ = {isa = PBXFileReference; fileEncoding = 4; lastKnownFileType = sourcecode.c.objc; path = FASearchViewController.m; sourceTree = "<group>"; };
		18E93C2C18877ED0008B857D /* FARecentViewController.h */ = {isa = PBXFileReference; fileEncoding = 4; lastKnownFileType = sourcecode.c.h; path = FARecentViewController.h; sourceTree = "<group>"; };
		18E93C2D18877ED0008B857D /* FARecentViewController.m */ = {isa = PBXFileReference; fileEncoding = 4; lastKnownFileType = sourcecode.c.objc; path = FARecentViewController.m; sourceTree = "<group>"; };
		18E93C2F18877EDF008B857D /* FAProfileViewController.h */ = {isa = PBXFileReference; fileEncoding = 4; lastKnownFileType = sourcecode.c.h; path = FAProfileViewController.h; sourceTree = "<group>"; };
		18E93C3018877EDF008B857D /* FAProfileViewController.m */ = {isa = PBXFileReference; fileEncoding = 4; lastKnownFileType = sourcecode.c.objc; path = FAProfileViewController.m; sourceTree = "<group>"; };
		18E93C32188780B6008B857D /* FacebookSDK.framework */ = {isa = PBXFileReference; lastKnownFileType = wrapper.framework; name = FacebookSDK.framework; path = ../FacebookSDK/FacebookSDK.framework; sourceTree = "<group>"; };
		18E93C3418878411008B857D /* FALoginViewController.h */ = {isa = PBXFileReference; fileEncoding = 4; lastKnownFileType = sourcecode.c.h; path = FALoginViewController.h; sourceTree = "<group>"; };
		18E93C3518878411008B857D /* FALoginViewController.m */ = {isa = PBXFileReference; fileEncoding = 4; lastKnownFileType = sourcecode.c.objc; path = FALoginViewController.m; sourceTree = "<group>"; };
		18E93C3718878C97008B857D /* FASignUpViewController.h */ = {isa = PBXFileReference; fileEncoding = 4; lastKnownFileType = sourcecode.c.h; path = FASignUpViewController.h; sourceTree = "<group>"; };
		18E93C3818878C97008B857D /* FASignUpViewController.m */ = {isa = PBXFileReference; fileEncoding = 4; lastKnownFileType = sourcecode.c.objc; path = FASignUpViewController.m; sourceTree = "<group>"; };
/* End PBXFileReference section */

/* Begin PBXFrameworksBuildPhase section */
		18E939DD1887734A008B857D /* Frameworks */ = {
			isa = PBXFrameworksBuildPhase;
			buildActionMask = 2147483647;
			files = (
				18E93C33188780B6008B857D /* FacebookSDK.framework in Frameworks */,
				18E93A2C18877873008B857D /* MobileCoreServices.framework in Frameworks */,
				18E93A2A18877869008B857D /* SystemConfiguration.framework in Frameworks */,
				18E93A281887785D008B857D /* Security.framework in Frameworks */,
				18E93A2618877855008B857D /* QuartzCore.framework in Frameworks */,
				18E93A241887784B008B857D /* CoreLocation.framework in Frameworks */,
				18E93A2218877839008B857D /* CFNetwork.framework in Frameworks */,
				18E93A201887782E008B857D /* AudioToolbox.framework in Frameworks */,
				18E93A1E1887781F008B857D /* CoreText.framework in Frameworks */,
				18E939E61887734B008B857D /* CoreGraphics.framework in Frameworks */,
				18E939E81887734B008B857D /* UIKit.framework in Frameworks */,
				18E93A1C188777FC008B857D /* Parse.framework in Frameworks */,
				18E939E41887734B008B857D /* Foundation.framework in Frameworks */,
			);
			runOnlyForDeploymentPostprocessing = 0;
		};
		18E93A011887734C008B857D /* Frameworks */ = {
			isa = PBXFrameworksBuildPhase;
			buildActionMask = 2147483647;
			files = (
				18E93A061887734C008B857D /* XCTest.framework in Frameworks */,
				18E93A081887734C008B857D /* UIKit.framework in Frameworks */,
				18E93A071887734C008B857D /* Foundation.framework in Frameworks */,
			);
			runOnlyForDeploymentPostprocessing = 0;
		};
/* End PBXFrameworksBuildPhase section */

/* Begin PBXGroup section */
		18E939D71887734A008B857D = {
			isa = PBXGroup;
			children = (
				18E939E91887734B008B857D /* MyFlightApp */,
				18E939E21887734A008B857D /* Frameworks */,
				18E939E11887734A008B857D /* Products */,
				18E93A0B1887734C008B857D /* MyFlightAppTests */,
			);
			sourceTree = "<group>";
		};
		18E939E11887734A008B857D /* Products */ = {
			isa = PBXGroup;
			children = (
				18E939E01887734A008B857D /* MyFlightApp.app */,
				18E93A041887734C008B857D /* MyFlightAppTests.xctest */,
			);
			name = Products;
			sourceTree = "<group>";
		};
		18E939E21887734A008B857D /* Frameworks */ = {
			isa = PBXGroup;
			children = (
				18E93C32188780B6008B857D /* FacebookSDK.framework */,
				18E93C1318877C47008B857D /* REMenu */,
				18E93A2B18877873008B857D /* MobileCoreServices.framework */,
				18E93A2918877869008B857D /* SystemConfiguration.framework */,
				18E93A271887785D008B857D /* Security.framework */,
				18E93A2518877855008B857D /* QuartzCore.framework */,
				18E93A231887784B008B857D /* CoreLocation.framework */,
				18E93A2118877839008B857D /* CFNetwork.framework */,
				18E93A1F1887782E008B857D /* AudioToolbox.framework */,
				18E93A1D1887781F008B857D /* CoreText.framework */,
				18E93A1B188777FC008B857D /* Parse.framework */,
				18E939E31887734B008B857D /* Foundation.framework */,
				18E939E51887734B008B857D /* CoreGraphics.framework */,
				18E939E71887734B008B857D /* UIKit.framework */,
				18E93A051887734C008B857D /* XCTest.framework */,
			);
			name = Frameworks;
			sourceTree = "<group>";
		};
		18E939E91887734B008B857D /* MyFlightApp */ = {
			isa = PBXGroup;
			children = (
				18E939F21887734B008B857D /* FAAppDelegate.h */,
				18E939F31887734B008B857D /* FAAppDelegate.m */,
				18E93C2318877CF5008B857D /* FAMenuItemViewController.h */,
				18E93C2418877CF5008B857D /* FAMenuItemViewController.m */,
				18E93C2618877D1B008B857D /* FAMenuViewController.h */,
				18E93C2718877D1B008B857D /* FAMenuViewController.m */,
				18E93C2918877EC2008B857D /* FASearchViewController.h */,
				18E93C2A18877EC2008B857D /* FASearchViewController.m */,
				18E93C2C18877ED0008B857D /* FARecentViewController.h */,
				18E93C2D18877ED0008B857D /* FARecentViewController.m */,
				18E93C2F18877EDF008B857D /* FAProfileViewController.h */,
				18E93C3018877EDF008B857D /* FAProfileViewController.m */,
				18E93C3418878411008B857D /* FALoginViewController.h */,
				18E93C3518878411008B857D /* FALoginViewController.m */,
				18E93C3718878C97008B857D /* FASignUpViewController.h */,
				18E93C3818878C97008B857D /* FASignUpViewController.m */,
				18E939FE1887734B008B857D /* Images.xcassets */,
				18E939F51887734B008B857D /* Main.storyboard */,
				18E939EA1887734B008B857D /* Supporting Files */,
			);
			path = MyFlightApp;
			sourceTree = "<group>";
		};
		18E939EA1887734B008B857D /* Supporting Files */ = {
			isa = PBXGroup;
			children = (
				18E939EB1887734B008B857D /* MyFlightApp-Info.plist */,
				18E939EC1887734B008B857D /* InfoPlist.strings */,
				18E939EF1887734B008B857D /* main.m */,
				18E939F11887734B008B857D /* MyFlightApp-Prefix.pch */,
			);
			name = "Supporting Files";
			sourceTree = "<group>";
		};
		18E93A0B1887734C008B857D /* MyFlightAppTests */ = {
			isa = PBXGroup;
			children = (
				18E93A111887734C008B857D /* MyFlightAppTests.m */,
				18E93A0C1887734C008B857D /* Supporting Files */,
			);
			path = MyFlightAppTests;
			sourceTree = "<group>";
		};
		18E93A0C1887734C008B857D /* Supporting Files */ = {
			isa = PBXGroup;
			children = (
				18E93A0D1887734C008B857D /* MyFlightAppTests-Info.plist */,
				18E93A0E1887734C008B857D /* InfoPlist.strings */,
			);
			name = "Supporting Files";
			sourceTree = "<group>";
		};
		18E93C1318877C47008B857D /* REMenu */ = {
			isa = PBXGroup;
			children = (
				18E93C1418877C47008B857D /* RECommonFunctions.h */,
				18E93C1518877C47008B857D /* RECommonFunctions.m */,
				18E93C1618877C47008B857D /* REMenu.h */,
				18E93C1718877C47008B857D /* REMenu.m */,
				18E93C1818877C47008B857D /* REMenuContainerView.h */,
				18E93C1918877C47008B857D /* REMenuContainerView.m */,
				18E93C1A18877C47008B857D /* REMenuItem.h */,
				18E93C1B18877C47008B857D /* REMenuItem.m */,
				18E93C1C18877C47008B857D /* REMenuItemView.h */,
				18E93C1D18877C47008B857D /* REMenuItemView.m */,
			);
			path = REMenu;
			sourceTree = "<group>";
		};
/* End PBXGroup section */

/* Begin PBXNativeTarget section */
		18E939DF1887734A008B857D /* MyFlightApp */ = {
			isa = PBXNativeTarget;
			buildConfigurationList = 18E93A151887734C008B857D /* Build configuration list for PBXNativeTarget "MyFlightApp" */;
			buildPhases = (
				18E939DC1887734A008B857D /* Sources */,
				18E939DD1887734A008B857D /* Frameworks */,
				18E939DE1887734A008B857D /* Resources */,
			);
			buildRules = (
			);
			dependencies = (
			);
			name = MyFlightApp;
			productName = MyFlightApp;
			productReference = 18E939E01887734A008B857D /* MyFlightApp.app */;
			productType = "com.apple.product-type.application";
		};
		18E93A031887734C008B857D /* MyFlightAppTests */ = {
			isa = PBXNativeTarget;
			buildConfigurationList = 18E93A181887734C008B857D /* Build configuration list for PBXNativeTarget "MyFlightAppTests" */;
			buildPhases = (
				18E93A001887734C008B857D /* Sources */,
				18E93A011887734C008B857D /* Frameworks */,
				18E93A021887734C008B857D /* Resources */,
			);
			buildRules = (
			);
			dependencies = (
				18E93A0A1887734C008B857D /* PBXTargetDependency */,
			);
			name = MyFlightAppTests;
			productName = MyFlightAppTests;
			productReference = 18E93A041887734C008B857D /* MyFlightAppTests.xctest */;
			productType = "com.apple.product-type.bundle.unit-test";
		};
/* End PBXNativeTarget section */

/* Begin PBXProject section */
		18E939D81887734A008B857D /* Project object */ = {
			isa = PBXProject;
			attributes = {
				CLASSPREFIX = FA;
				LastUpgradeCheck = 0500;
				ORGANIZATIONNAME = "Broc Pacholik ";
				TargetAttributes = {
					18E93A031887734C008B857D = {
						TestTargetID = 18E939DF1887734A008B857D;
					};
				};
			};
			buildConfigurationList = 18E939DB1887734A008B857D /* Build configuration list for PBXProject "MyFlightApp" */;
			compatibilityVersion = "Xcode 3.2";
			developmentRegion = English;
			hasScannedForEncodings = 0;
			knownRegions = (
				en,
				Base,
				he,
			);
			mainGroup = 18E939D71887734A008B857D;
			productRefGroup = 18E939E11887734A008B857D /* Products */;
			projectDirPath = "";
			projectRoot = "";
			targets = (
				18E939DF1887734A008B857D /* MyFlightApp */,
				18E93A031887734C008B857D /* MyFlightAppTests */,
			);
		};
/* End PBXProject section */

/* Begin PBXResourcesBuildPhase section */
		18E939DE1887734A008B857D /* Resources */ = {
			isa = PBXResourcesBuildPhase;
			buildActionMask = 2147483647;
			files = (
				18E939FF1887734B008B857D /* Images.xcassets in Resources */,
				18E939EE1887734B008B857D /* InfoPlist.strings in Resources */,
				18E939F71887734B008B857D /* Main.storyboard in Resources */,
			);
			runOnlyForDeploymentPostprocessing = 0;
		};
		18E93A021887734C008B857D /* Resources */ = {
			isa = PBXResourcesBuildPhase;
			buildActionMask = 2147483647;
			files = (
				18E93A101887734C008B857D /* InfoPlist.strings in Resources */,
			);
			runOnlyForDeploymentPostprocessing = 0;
		};
/* End PBXResourcesBuildPhase section */

/* Begin PBXSourcesBuildPhase section */
		18E939DC1887734A008B857D /* Sources */ = {
			isa = PBXSourcesBuildPhase;
			buildActionMask = 2147483647;
			files = (
				18E939F01887734B008B857D /* main.m in Sources */,
				18E93C1E18877C47008B857D /* RECommonFunctions.m in Sources */,
				18E93C2118877C47008B857D /* REMenuItem.m in Sources */,
				18E93C3918878C97008B857D /* FASignUpViewController.m in Sources */,
				18E93C2E18877ED0008B857D /* FARecentViewController.m in Sources */,
				18E93C2818877D1B008B857D /* FAMenuViewController.m in Sources */,
				18E93C2218877C47008B857D /* REMenuItemView.m in Sources */,
				18E939F41887734B008B857D /* FAAppDelegate.m in Sources */,
				18E93C1F18877C47008B857D /* REMenu.m in Sources */,
				18E93C2B18877EC2008B857D /* FASearchViewController.m in Sources */,
				18E93C2018877C47008B857D /* REMenuContainerView.m in Sources */,
				18E93C2518877CF5008B857D /* FAMenuItemViewController.m in Sources */,
				18E93C3618878411008B857D /* FALoginViewController.m in Sources */,
				18E93C3118877EDF008B857D /* FAProfileViewController.m in Sources */,
			);
			runOnlyForDeploymentPostprocessing = 0;
		};
		18E93A001887734C008B857D /* Sources */ = {
			isa = PBXSourcesBuildPhase;
			buildActionMask = 2147483647;
			files = (
				18E93A121887734C008B857D /* MyFlightAppTests.m in Sources */,
			);
			runOnlyForDeploymentPostprocessing = 0;
		};
/* End PBXSourcesBuildPhase section */

/* Begin PBXTargetDependency section */
		18E93A0A1887734C008B857D /* PBXTargetDependency */ = {
			isa = PBXTargetDependency;
			target = 18E939DF1887734A008B857D /* MyFlightApp */;
			targetProxy = 18E93A091887734C008B857D /* PBXContainerItemProxy */;
		};
/* End PBXTargetDependency section */

/* Begin PBXVariantGroup section */
		18E939EC1887734B008B857D /* InfoPlist.strings */ = {
			isa = PBXVariantGroup;
			children = (
				18E939ED1887734B008B857D /* en */,
			);
			name = InfoPlist.strings;
			sourceTree = "<group>";
		};
		18E939F51887734B008B857D /* Main.storyboard */ = {
			isa = PBXVariantGroup;
			children = (
				18E939F61887734B008B857D /* Base */,
			);
			name = Main.storyboard;
			sourceTree = "<group>";
		};
		18E93A0E1887734C008B857D /* InfoPlist.strings */ = {
			isa = PBXVariantGroup;
			children = (
				18E93A0F1887734C008B857D /* en */,
			);
			name = InfoPlist.strings;
			sourceTree = "<group>";
		};
/* End PBXVariantGroup section */

/* Begin XCBuildConfiguration section */
		18E93A131887734C008B857D /* Debug */ = {
			isa = XCBuildConfiguration;
			buildSettings = {
				ALWAYS_SEARCH_USER_PATHS = NO;
				ARCHS = "$(ARCHS_STANDARD_INCLUDING_64_BIT)";
				CLANG_CXX_LANGUAGE_STANDARD = "gnu++0x";
				CLANG_CXX_LIBRARY = "libc++";
				CLANG_ENABLE_MODULES = YES;
				CLANG_ENABLE_OBJC_ARC = YES;
				CLANG_WARN_BOOL_CONVERSION = YES;
				CLANG_WARN_CONSTANT_CONVERSION = YES;
				CLANG_WARN_DIRECT_OBJC_ISA_USAGE = YES_ERROR;
				CLANG_WARN_EMPTY_BODY = YES;
				CLANG_WARN_ENUM_CONVERSION = YES;
				CLANG_WARN_INT_CONVERSION = YES;
				CLANG_WARN_OBJC_ROOT_CLASS = YES_ERROR;
				CLANG_WARN__DUPLICATE_METHOD_MATCH = YES;
				"CODE_SIGN_IDENTITY[sdk=iphoneos*]" = "iPhone Developer";
				COPY_PHASE_STRIP = NO;
				GCC_C_LANGUAGE_STANDARD = gnu99;
				GCC_DYNAMIC_NO_PIC = NO;
				GCC_OPTIMIZATION_LEVEL = 0;
				GCC_PREPROCESSOR_DEFINITIONS = (
					"DEBUG=1",
					"$(inherited)",
				);
				GCC_SYMBOLS_PRIVATE_EXTERN = NO;
				GCC_WARN_64_TO_32_BIT_CONVERSION = YES;
				GCC_WARN_ABOUT_RETURN_TYPE = YES_ERROR;
				GCC_WARN_UNDECLARED_SELECTOR = YES;
				GCC_WARN_UNINITIALIZED_AUTOS = YES;
				GCC_WARN_UNUSED_FUNCTION = YES;
				GCC_WARN_UNUSED_VARIABLE = YES;
				IPHONEOS_DEPLOYMENT_TARGET = 7.0;
				ONLY_ACTIVE_ARCH = YES;
				SDKROOT = iphoneos;
			};
			name = Debug;
		};
		18E93A141887734C008B857D /* Release */ = {
			isa = XCBuildConfiguration;
			buildSettings = {
				ALWAYS_SEARCH_USER_PATHS = NO;
				ARCHS = "$(ARCHS_STANDARD_INCLUDING_64_BIT)";
				CLANG_CXX_LANGUAGE_STANDARD = "gnu++0x";
				CLANG_CXX_LIBRARY = "libc++";
				CLANG_ENABLE_MODULES = YES;
				CLANG_ENABLE_OBJC_ARC = YES;
				CLANG_WARN_BOOL_CONVERSION = YES;
				CLANG_WARN_CONSTANT_CONVERSION = YES;
				CLANG_WARN_DIRECT_OBJC_ISA_USAGE = YES_ERROR;
				CLANG_WARN_EMPTY_BODY = YES;
				CLANG_WARN_ENUM_CONVERSION = YES;
				CLANG_WARN_INT_CONVERSION = YES;
				CLANG_WARN_OBJC_ROOT_CLASS = YES_ERROR;
				CLANG_WARN__DUPLICATE_METHOD_MATCH = YES;
				"CODE_SIGN_IDENTITY[sdk=iphoneos*]" = "iPhone Developer";
				COPY_PHASE_STRIP = YES;
				ENABLE_NS_ASSERTIONS = NO;
				GCC_C_LANGUAGE_STANDARD = gnu99;
				GCC_WARN_64_TO_32_BIT_CONVERSION = YES;
				GCC_WARN_ABOUT_RETURN_TYPE = YES_ERROR;
				GCC_WARN_UNDECLARED_SELECTOR = YES;
				GCC_WARN_UNINITIALIZED_AUTOS = YES;
				GCC_WARN_UNUSED_FUNCTION = YES;
				GCC_WARN_UNUSED_VARIABLE = YES;
				IPHONEOS_DEPLOYMENT_TARGET = 7.0;
				SDKROOT = iphoneos;
				VALIDATE_PRODUCT = YES;
			};
			name = Release;
		};
		18E93A161887734C008B857D /* Debug */ = {
			isa = XCBuildConfiguration;
			buildSettings = {
				ASSETCATALOG_COMPILER_APPICON_NAME = AppIcon;
				ASSETCATALOG_COMPILER_LAUNCHIMAGE_NAME = LaunchImage;
				FRAMEWORK_SEARCH_PATHS = (
					"$(inherited)",
					/Users/brocpacholik/Documents/Developer/MyFlightApp,
					/Users/brocpacholik/Documents/Developer/MyFlightApp/FacebookSDK,
					/Users/brocpacholik/Documents/Developer/FacebookSDK,
				);
				GCC_PRECOMPILE_PREFIX_HEADER = YES;
				GCC_PREFIX_HEADER = "MyFlightApp/MyFlightApp-Prefix.pch";
				INFOPLIST_FILE = "MyFlightApp/MyFlightApp-Info.plist";
				PRODUCT_NAME = "$(TARGET_NAME)";
				WRAPPER_EXTENSION = app;
			};
			name = Debug;
		};
		18E93A171887734C008B857D /* Release */ = {
			isa = XCBuildConfiguration;
			buildSettings = {
				ASSETCATALOG_COMPILER_APPICON_NAME = AppIcon;
				ASSETCATALOG_COMPILER_LAUNCHIMAGE_NAME = LaunchImage;
				FRAMEWORK_SEARCH_PATHS = (
					"$(inherited)",
					/Users/brocpacholik/Documents/Developer/MyFlightApp,
					/Users/brocpacholik/Documents/Developer/MyFlightApp/FacebookSDK,
					/Users/brocpacholik/Documents/Developer/FacebookSDK,
				);
				GCC_PRECOMPILE_PREFIX_HEADER = YES;
				GCC_PREFIX_HEADER = "MyFlightApp/MyFlightApp-Prefix.pch";
				INFOPLIST_FILE = "MyFlightApp/MyFlightApp-Info.plist";
				PRODUCT_NAME = "$(TARGET_NAME)";
				WRAPPER_EXTENSION = app;
			};
			name = Release;
		};
		18E93A191887734C008B857D /* Debug */ = {
			isa = XCBuildConfiguration;
			buildSettings = {
				ARCHS = "$(ARCHS_STANDARD_INCLUDING_64_BIT)";
				BUNDLE_LOADER = "$(BUILT_PRODUCTS_DIR)/MyFlightApp.app/MyFlightApp";
				FRAMEWORK_SEARCH_PATHS = (
					"$(SDKROOT)/Developer/Library/Frameworks",
					"$(inherited)",
					"$(DEVELOPER_FRAMEWORKS_DIR)",
				);
				GCC_PRECOMPILE_PREFIX_HEADER = YES;
				GCC_PREFIX_HEADER = "MyFlightApp/MyFlightApp-Prefix.pch";
				GCC_PREPROCESSOR_DEFINITIONS = (
					"DEBUG=1",
					"$(inherited)",
				);
				INFOPLIST_FILE = "MyFlightAppTests/MyFlightAppTests-Info.plist";
				PRODUCT_NAME = "$(TARGET_NAME)";
				TEST_HOST = "$(BUNDLE_LOADER)";
				WRAPPER_EXTENSION = xctest;
			};
			name = Debug;
		};
		18E93A1A1887734C008B857D /* Release */ = {
			isa = XCBuildConfiguration;
			buildSettings = {
				ARCHS = "$(ARCHS_STANDARD_INCLUDING_64_BIT)";
				BUNDLE_LOADER = "$(BUILT_PRODUCTS_DIR)/MyFlightApp.app/MyFlightApp";
				FRAMEWORK_SEARCH_PATHS = (
					"$(SDKROOT)/Developer/Library/Frameworks",
					"$(inherited)",
					"$(DEVELOPER_FRAMEWORKS_DIR)",
				);
				GCC_PRECOMPILE_PREFIX_HEADER = YES;
				GCC_PREFIX_HEADER = "MyFlightApp/MyFlightApp-Prefix.pch";
				INFOPLIST_FILE = "MyFlightAppTests/MyFlightAppTests-Info.plist";
				PRODUCT_NAME = "$(TARGET_NAME)";
				TEST_HOST = "$(BUNDLE_LOADER)";
				WRAPPER_EXTENSION = xctest;
			};
			name = Release;
		};
/* End XCBuildConfiguration section */

/* Begin XCConfigurationList section */
		18E939DB1887734A008B857D /* Build configuration list for PBXProject "MyFlightApp" */ = {
			isa = XCConfigurationList;
			buildConfigurations = (
				18E93A131887734C008B857D /* Debug */,
				18E93A141887734C008B857D /* Release */,
			);
			defaultConfigurationIsVisible = 0;
			defaultConfigurationName = Release;
		};
		18E93A151887734C008B857D /* Build configuration list for PBXNativeTarget "MyFlightApp" */ = {
			isa = XCConfigurationList;
			buildConfigurations = (
				18E93A161887734C008B857D /* Debug */,
				18E93A171887734C008B857D /* Release */,
			);
			defaultConfigurationIsVisible = 0;
		};
		18E93A181887734C008B857D /* Build configuration list for PBXNativeTarget "MyFlightAppTests" */ = {
			isa = XCConfigurationList;
			buildConfigurations = (
				18E93A191887734C008B857D /* Debug */,
				18E93A1A1887734C008B857D /* Release */,
			);
			defaultConfigurationIsVisible = 0;
		};
/* End XCConfigurationList section */
	};
	rootObject = 18E939D81887734A008B857D /* Project object */;
}
